
Microsoft Visual Studio Solution File, Format Version 12.00
# Visual Studio Version 17
VisualStudioVersion = 17.4.33103.184
MinimumVisualStudioVersion = 10.0.40219.1
Project("{FAE04EC0-301F-11D3-BF4B-00C04F79EFBC}") = "SpirePdfConvertPdfToJpgPOC_WebApp", "SpirePdfConvertPdfToJpgPOC_WebApp\SpirePdfConvertPdfToJpgPOC_WebApp.csproj", "{025F7F69-F71F-4C42-89DF-F1F3624318A6}"
EndProject
Global
	GlobalSection(SolutionConfigurationPlatforms) = preSolution
		Debug|Any CPU = Debug|Any CPU
		Release|Any CPU = Release|Any CPU
	EndGlobalSection
	GlobalSection(ProjectConfigurationPlatforms) = postSolution
		{025F7F69-F71F-4C42-89DF-F1F3624318A6}.Debug|Any CPU.ActiveCfg = Debug|Any CPU
		{025F7F69-F71F-4C42-89DF-F1F3624318A6}.Debug|Any CPU.Build.0 = Debug|Any CPU
		{025F7F69-F71F-4C42-89DF-F1F3624318A6}.Release|Any CPU.ActiveCfg = Release|Any CPU
		{025F7F69-F71F-4C42-89DF-F1F3624318A6}.Release|Any CPU.Build.0 = Release|Any CPU
	EndGlobalSection
	GlobalSection(SolutionProperties) = preSolution
		HideSolutionNode = FALSE
	EndGlobalSection
	GlobalSection(ExtensibilityGlobals) = postSolution
		SolutionGuid = {F408F587-1520-40B7-98D1-9E207F978882}
	EndGlobalSection
EndGlobal
